
Microsoft Visual Studio Solution File, Format Version 12.00
# Visual Studio Version 16
VisualStudioVersion = 16.0.30413.136
MinimumVisualStudioVersion = 10.0.40219.1
Project("{9A19103F-16F7-4668-BE54-9A1E7A4F7556}") = "BankApi", "BankApi\BankApi.csproj", "{7A8D738A-ECD1-4C7C-A64A-C78E1352C06E}"
EndProject
Project("{9A19103F-16F7-4668-BE54-9A1E7A4F7556}") = "BankApiUnitTest", "BankApiunitTest\BankApiUnitTest.csproj", "{73D21D86-051D-433D-BD5B-A56D116FC2D2}"
EndProject
Global
	GlobalSection(SolutionConfigurationPlatforms) = preSolution
		Debug|Any CPU = Debug|Any CPU
		Release|Any CPU = Release|Any CPU
	EndGlobalSection
	GlobalSection(ProjectConfigurationPlatforms) = postSolution
		{7A8D738A-ECD1-4C7C-A64A-C78E1352C06E}.Debug|Any CPU.ActiveCfg = Debug|Any CPU
		{7A8D738A-ECD1-4C7C-A64A-C78E1352C06E}.Debug|Any CPU.Build.0 = Debug|Any CPU
		{7A8D738A-ECD1-4C7C-A64A-C78E1352C06E}.Release|Any CPU.ActiveCfg = Release|Any CPU
		{7A8D738A-ECD1-4C7C-A64A-C78E1352C06E}.Release|Any CPU.Build.0 = Release|Any CPU
		{73D21D86-051D-433D-BD5B-A56D116FC2D2}.Debug|Any CPU.ActiveCfg = Debug|Any CPU
		{73D21D86-051D-433D-BD5B-A56D116FC2D2}.Debug|Any CPU.Build.0 = Debug|Any CPU
		{73D21D86-051D-433D-BD5B-A56D116FC2D2}.Release|Any CPU.ActiveCfg = Release|Any CPU
		{73D21D86-051D-433D-BD5B-A56D116FC2D2}.Release|Any CPU.Build.0 = Release|Any CPU
	EndGlobalSection
	GlobalSection(SolutionProperties) = preSolution
		HideSolutionNode = FALSE
	EndGlobalSection
	GlobalSection(ExtensibilityGlobals) = postSolution
		SolutionGuid = {C3DD3B54-6B37-4F5E-9E69-EA2DA25D8F2C}
	EndGlobalSection
EndGlobal
